
Microsoft Visual Studio Solution File, Format Version 12.00
# Visual Studio 2013
VisualStudioVersion = 12.0.40629.0
MinimumVisualStudioVersion = 10.0.40219.1
Project("{FAE04EC0-301F-11D3-BF4B-00C04F79EFBC}") = "Bookinator", "Bookinator\Bookinator.csproj", "{9287AE3D-CF3F-462D-B95B-25BADC4D781D}"
EndProject
Project("{FAE04EC0-301F-11D3-BF4B-00C04F79EFBC}") = "Bookinator-Data", "Bookinator-Data\Bookinator-Data.csproj", "{EF46F508-F1C7-4B42-A4A5-0DA0E4CA2EFC}"
EndProject
Project("{FAE04EC0-301F-11D3-BF4B-00C04F79EFBC}") = "Bookinator-WindowsForms", "Bookinator-WindowsForms\Bookinator-WindowsForms.csproj", "{7E9ADAD9-C2FA-4A39-BC25-8156A0FFDF76}"
EndProject
Project("{FAE04EC0-301F-11D3-BF4B-00C04F79EFBC}") = "Bookinator-Test", "Bookinator-Test\Bookinator-Test.csproj", "{F78D4423-7667-4609-AF2B-1987A9E5553D}"
EndProject
Global
	GlobalSection(SolutionConfigurationPlatforms) = preSolution
		Debug|Any CPU = Debug|Any CPU
		Release|Any CPU = Release|Any CPU
	EndGlobalSection
	GlobalSection(ProjectConfigurationPlatforms) = postSolution
		{9287AE3D-CF3F-462D-B95B-25BADC4D781D}.Debug|Any CPU.ActiveCfg = Debug|Any CPU
		{9287AE3D-CF3F-462D-B95B-25BADC4D781D}.Debug|Any CPU.Build.0 = Debug|Any CPU
		{9287AE3D-CF3F-462D-B95B-25BADC4D781D}.Release|Any CPU.ActiveCfg = Release|Any CPU
		{9287AE3D-CF3F-462D-B95B-25BADC4D781D}.Release|Any CPU.Build.0 = Release|Any CPU
		{EF46F508-F1C7-4B42-A4A5-0DA0E4CA2EFC}.Debug|Any CPU.ActiveCfg = Debug|Any CPU
		{EF46F508-F1C7-4B42-A4A5-0DA0E4CA2EFC}.Debug|Any CPU.Build.0 = Debug|Any CPU
		{EF46F508-F1C7-4B42-A4A5-0DA0E4CA2EFC}.Release|Any CPU.ActiveCfg = Release|Any CPU
		{EF46F508-F1C7-4B42-A4A5-0DA0E4CA2EFC}.Release|Any CPU.Build.0 = Release|Any CPU
		{7E9ADAD9-C2FA-4A39-BC25-8156A0FFDF76}.Debug|Any CPU.ActiveCfg = Debug|Any CPU
		{7E9ADAD9-C2FA-4A39-BC25-8156A0FFDF76}.Debug|Any CPU.Build.0 = Debug|Any CPU
		{7E9ADAD9-C2FA-4A39-BC25-8156A0FFDF76}.Release|Any CPU.ActiveCfg = Release|Any CPU
		{7E9ADAD9-C2FA-4A39-BC25-8156A0FFDF76}.Release|Any CPU.Build.0 = Release|Any CPU
		{F78D4423-7667-4609-AF2B-1987A9E5553D}.Debug|Any CPU.ActiveCfg = Debug|Any CPU
		{F78D4423-7667-4609-AF2B-1987A9E5553D}.Debug|Any CPU.Build.0 = Debug|Any CPU
		{F78D4423-7667-4609-AF2B-1987A9E5553D}.Release|Any CPU.ActiveCfg = Release|Any CPU
		{F78D4423-7667-4609-AF2B-1987A9E5553D}.Release|Any CPU.Build.0 = Release|Any CPU
	EndGlobalSection
	GlobalSection(SolutionProperties) = preSolution
		HideSolutionNode = FALSE
	EndGlobalSection
EndGlobal
